
Microsoft Visual Studio Solution File, Format Version 12.00
# Visual Studio 14
VisualStudioVersion = 14.0.25420.1
MinimumVisualStudioVersion = 10.0.40219.1
Project("{2150E333-8FDC-42A3-9474-1A3956D46DE8}") = "Shared", "Shared", "{04011307-7352-4515-B8F0-84C1F6FAED62}"
EndProject
Project("{2150E333-8FDC-42A3-9474-1A3956D46DE8}") = "Domain", "Domain", "{86B32CD5-02EC-4A8E-AAF5-FB870B88C1E8}"
EndProject
Project("{2150E333-8FDC-42A3-9474-1A3956D46DE8}") = "Models", "Models", "{06C33678-472A-44F6-8617-77AEF4B5FD79}"
EndProject
Project("{2150E333-8FDC-42A3-9474-1A3956D46DE8}") = "DataAccess", "DataAccess", "{428954F6-A5DB-4F76-9478-F7FA926B1DC3}"
EndProject
Project("{2150E333-8FDC-42A3-9474-1A3956D46DE8}") = "Business", "Business", "{B6ED06D0-2A4C-4F31-81FC-D1DD151CFFC5}"
EndProject
Project("{FAE04EC0-301F-11D3-BF4B-00C04F79EFBC}") = "Almotkaml", "..\Shared\Almotkaml\Almotkaml\Almotkaml.csproj", "{7A1E5F14-ED60-45E6-819C-83C9D3470349}"
EndProject
Project("{FAE04EC0-301F-11D3-BF4B-00C04F79EFBC}") = "Almotkaml.Erp", "..\Erp\Almotkaml.Erp\Almotkaml.Erp\Almotkaml.Erp.csproj", "{E47785B3-FA10-48B8-925C-619FFBCC4291}"
EndProject
Project("{FAE04EC0-301F-11D3-BF4B-00C04F79EFBC}") = "Almotkaml.HR", "Almotkaml.HR\Almotkaml.HR.csproj", "{8E46249C-7BD0-4BB3-BEC8-41B4A8EE1B2C}"
EndProject
Project("{FAE04EC0-301F-11D3-BF4B-00C04F79EFBC}") = "Almotkaml.HR.Domain", "Almotkaml.HR.Domain\Almotkaml.HR.Domain.csproj", "{6CB226AB-D010-4862-A34B-83D87BD1490A}"
EndProject
Project("{FAE04EC0-301F-11D3-BF4B-00C04F79EFBC}") = "Almotkaml.HR.Repository", "Almotkaml.HR.Repository\Almotkaml.HR.Repository.csproj", "{205FD390-9933-498D-9EA3-F3573586D79D}"
EndProject
Project("{FAE04EC0-301F-11D3-BF4B-00C04F79EFBC}") = "Almotkaml.HR.EntityCore", "Almotkaml.HR.EntityCore\Almotkaml.HR.EntityCore.csproj", "{14B7EBF2-A77C-4134-BF67-B6EB886500FA}"
EndProject
Project("{FAE04EC0-301F-11D3-BF4B-00C04F79EFBC}") = "Almotkaml.HR.Models", "Almotkaml.HR.Models\Almotkaml.HR.Models.csproj", "{E87B541A-3936-4D30-9E36-9DE7D220039D}"
EndProject
Project("{FAE04EC0-301F-11D3-BF4B-00C04F79EFBC}") = "Almotkaml.HR.Abstraction", "Almotkaml.HR.Abstraction\Almotkaml.HR.Abstraction.csproj", "{AD4575A6-0371-42E9-99D5-A9B57A8E3DE8}"
EndProject
Project("{FAE04EC0-301F-11D3-BF4B-00C04F79EFBC}") = "Almotkaml.HR.Business", "Almotkaml.HR.Business\Almotkaml.HR.Business.csproj", "{35C80761-166F-440B-812E-60F1D42130D2}"
EndProject
Project("{2150E333-8FDC-42A3-9474-1A3956D46DE8}") = "Presentation", "Presentation", "{BD8D244D-3B0E-43BA-B3ED-47AB9F5CB191}"
EndProject
Project("{FAE04EC0-301F-11D3-BF4B-00C04F79EFBC}") = "Almotkaml.HR.Reports", "Almotkaml.HR.Reports\Almotkaml.HR.Reports.csproj", "{6CEF70FD-500E-40D2-9166-DDA0C14E84D4}"
EndProject
Project("{FAE04EC0-301F-11D3-BF4B-00C04F79EFBC}") = "Almotkaml.HR.Mvc", "Almotkaml.HR.Mvc\Almotkaml.HR.Mvc.csproj", "{8DAEC741-7971-4015-BAB6-3DB2F6103E33}"
EndProject
Project("{2150E333-8FDC-42A3-9474-1A3956D46DE8}") = "Core", "Core", "{D62AD955-D10C-476A-9464-24EC096404A0}"
EndProject
Project("{2150E333-8FDC-42A3-9474-1A3956D46DE8}") = "Staco", "Staco", "{4A0352C0-1694-49E4-B761-58F8ECCD8E1A}"
EndProject
Project("{FAE04EC0-301F-11D3-BF4B-00C04F79EFBC}") = "Almotkaml.HR.Staco.Models", "Almotkaml.HR.Staco.Models\Almotkaml.HR.Staco.Models.csproj", "{6D125EA8-7CF0-4E3B-B795-FAC9AAC5B74F}"
EndProject
Project("{FAE04EC0-301F-11D3-BF4B-00C04F79EFBC}") = "Almotkaml.HR.Staco.Mvc", "Almotkaml.HR.Staco.Mvc\Almotkaml.HR.Staco.Mvc.csproj", "{5216523D-F2E6-4F60-916E-B7331D78C8AA}"
EndProject
Project("{2150E333-8FDC-42A3-9474-1A3956D46DE8}") = "Aldo", "Aldo", "{D3B03968-E3CC-418C-8170-65DF71C56FB4}"
	ProjectSection(SolutionItems) = preProject
		..\Almotkaml.HR.Reports\Almotkaml.HR.Reports\SalariesTotalReport.cs = ..\Almotkaml.HR.Reports\Almotkaml.HR.Reports\SalariesTotalReport.cs
	EndProjectSection
EndProject
Project("{FAE04EC0-301F-11D3-BF4B-00C04F79EFBC}") = "Almotkaml.HR.Aldo", "Almotkaml.HR.Aldo\Almotkaml.HR.Aldo.csproj", "{144A1CFE-610F-4D9C-9368-2C1CE09DF1DE}"
EndProject
Project("{FAE04EC0-301F-11D3-BF4B-00C04F79EFBC}") = "Almotkaml.HR.Aldo.Models", "Almotkaml.HR.Aldo.Models\Almotkaml.HR.Aldo.Models.csproj", "{358CA974-1439-4D58-A63F-07FAF2764E53}"
EndProject
Project("{FAE04EC0-301F-11D3-BF4B-00C04F79EFBC}") = "Almotkaml.HR.Aldo.Business", "Almotkaml.HR.Aldo.Business\Almotkaml.HR.Aldo.Business.csproj", "{5E28E9B2-EEFE-4F6B-B8FB-356E8E4315D5}"
EndProject
Project("{FAE04EC0-301F-11D3-BF4B-00C04F79EFBC}") = "Almotkaml.HR.Aldo.EntityCore", "Almotkaml.HR.Aldo.EntityCore\Almotkaml.HR.Aldo.EntityCore.csproj", "{8923BFAA-A806-4702-9B75-99C757EAA3D0}"
EndProject
Project("{FAE04EC0-301F-11D3-BF4B-00C04F79EFBC}") = "Almotkaml.HR.Aldo.Mvc", "Almotkaml.HR.Aldo.Mvc\Almotkaml.HR.Aldo.Mvc.csproj", "{65B73681-0BDA-45E2-AB1A-9E61F2BAC7A7}"
EndProject
Project("{FAE04EC0-301F-11D3-BF4B-00C04F79EFBC}") = "Almotkaml.HR.Aldo.Domain", "Almotkaml.HR.Aldo.Domain\Almotkaml.HR.Aldo.Domain.csproj", "{B5DE6A67-F8CE-4E32-AA81-194A844A4A4F}"
EndProject
Project("{FAE04EC0-301F-11D3-BF4B-00C04F79EFBC}") = "Almotkaml.HR.Aldo.Repository", "Almotkaml.HR.Aldo.Repository\Almotkaml.HR.Aldo.Repository.csproj", "{B2E4C8AF-47C3-4821-97C8-D4022E6322AB}"
EndProject
Project("{2150E333-8FDC-42A3-9474-1A3956D46DE8}") = "Temp", "Temp", "{34A471F7-CEB0-4B8B-8FEF-EF028B18D737}"
EndProject
Project("{2150E333-8FDC-42A3-9474-1A3956D46DE8}") = "Others", "Others", "{43F90BAF-6F36-470B-8B6D-257AF44CF360}"
EndProject
Project("{FAE04EC0-301F-11D3-BF4B-00C04F79EFBC}") = "Almotkaml.HR.Others", "Almotkaml.HR.Others\Almotkaml.HR.Others.csproj", "{CF80820F-CD0F-4BEF-8674-BD64025BCA69}"
EndProject
Global
	GlobalSection(SolutionConfigurationPlatforms) = preSolution
		Debug|Any CPU = Debug|Any CPU
		Release|Any CPU = Release|Any CPU
	EndGlobalSection
	GlobalSection(ProjectConfigurationPlatforms) = postSolution
		{7A1E5F14-ED60-45E6-819C-83C9D3470349}.Debug|Any CPU.ActiveCfg = Debug|Any CPU
		{7A1E5F14-ED60-45E6-819C-83C9D3470349}.Debug|Any CPU.Build.0 = Debug|Any CPU
		{7A1E5F14-ED60-45E6-819C-83C9D3470349}.Release|Any CPU.ActiveCfg = Release|Any CPU
		{7A1E5F14-ED60-45E6-819C-83C9D3470349}.Release|Any CPU.Build.0 = Release|Any CPU
		{E47785B3-FA10-48B8-925C-619FFBCC4291}.Debug|Any CPU.ActiveCfg = Debug|Any CPU
		{E47785B3-FA10-48B8-925C-619FFBCC4291}.Debug|Any CPU.Build.0 = Debug|Any CPU
		{E47785B3-FA10-48B8-925C-619FFBCC4291}.Release|Any CPU.ActiveCfg = Release|Any CPU
		{E47785B3-FA10-48B8-925C-619FFBCC4291}.Release|Any CPU.Build.0 = Release|Any CPU
		{8E46249C-7BD0-4BB3-BEC8-41B4A8EE1B2C}.Debug|Any CPU.ActiveCfg = Debug|Any CPU
		{8E46249C-7BD0-4BB3-BEC8-41B4A8EE1B2C}.Debug|Any CPU.Build.0 = Debug|Any CPU
		{8E46249C-7BD0-4BB3-BEC8-41B4A8EE1B2C}.Release|Any CPU.ActiveCfg = Release|Any CPU
		{8E46249C-7BD0-4BB3-BEC8-41B4A8EE1B2C}.Release|Any CPU.Build.0 = Release|Any CPU
		{6CB226AB-D010-4862-A34B-83D87BD1490A}.Debug|Any CPU.ActiveCfg = Debug|Any CPU
		{6CB226AB-D010-4862-A34B-83D87BD1490A}.Debug|Any CPU.Build.0 = Debug|Any CPU
		{6CB226AB-D010-4862-A34B-83D87BD1490A}.Release|Any CPU.ActiveCfg = Release|Any CPU
		{6CB226AB-D010-4862-A34B-83D87BD1490A}.Release|Any CPU.Build.0 = Release|Any CPU
		{205FD390-9933-498D-9EA3-F3573586D79D}.Debug|Any CPU.ActiveCfg = Debug|Any CPU
		{205FD390-9933-498D-9EA3-F3573586D79D}.Debug|Any CPU.Build.0 = Debug|Any CPU
		{205FD390-9933-498D-9EA3-F3573586D79D}.Release|Any CPU.ActiveCfg = Release|Any CPU
		{205FD390-9933-498D-9EA3-F3573586D79D}.Release|Any CPU.Build.0 = Release|Any CPU
		{14B7EBF2-A77C-4134-BF67-B6EB886500FA}.Debug|Any CPU.ActiveCfg = Debug|Any CPU
		{14B7EBF2-A77C-4134-BF67-B6EB886500FA}.Debug|Any CPU.Build.0 = Debug|Any CPU
		{14B7EBF2-A77C-4134-BF67-B6EB886500FA}.Release|Any CPU.ActiveCfg = Release|Any CPU
		{14B7EBF2-A77C-4134-BF67-B6EB886500FA}.Release|Any CPU.Build.0 = Release|Any CPU
		{E87B541A-3936-4D30-9E36-9DE7D220039D}.Debug|Any CPU.ActiveCfg = Debug|Any CPU
		{E87B541A-3936-4D30-9E36-9DE7D220039D}.Debug|Any CPU.Build.0 = Debug|Any CPU
		{E87B541A-3936-4D30-9E36-9DE7D220039D}.Release|Any CPU.ActiveCfg = Release|Any CPU
		{E87B541A-3936-4D30-9E36-9DE7D220039D}.Release|Any CPU.Build.0 = Release|Any CPU
		{AD4575A6-0371-42E9-99D5-A9B57A8E3DE8}.Debug|Any CPU.ActiveCfg = Debug|Any CPU
		{AD4575A6-0371-42E9-99D5-A9B57A8E3DE8}.Debug|Any CPU.Build.0 = Debug|Any CPU
		{AD4575A6-0371-42E9-99D5-A9B57A8E3DE8}.Release|Any CPU.ActiveCfg = Release|Any CPU
		{AD4575A6-0371-42E9-99D5-A9B57A8E3DE8}.Release|Any CPU.Build.0 = Release|Any CPU
		{35C80761-166F-440B-812E-60F1D42130D2}.Debug|Any CPU.ActiveCfg = Debug|Any CPU
		{35C80761-166F-440B-812E-60F1D42130D2}.Debug|Any CPU.Build.0 = Debug|Any CPU
		{35C80761-166F-440B-812E-60F1D42130D2}.Release|Any CPU.ActiveCfg = Release|Any CPU
		{35C80761-166F-440B-812E-60F1D42130D2}.Release|Any CPU.Build.0 = Release|Any CPU
		{6CEF70FD-500E-40D2-9166-DDA0C14E84D4}.Debug|Any CPU.ActiveCfg = Debug|Any CPU
		{6CEF70FD-500E-40D2-9166-DDA0C14E84D4}.Debug|Any CPU.Build.0 = Debug|Any CPU
		{6CEF70FD-500E-40D2-9166-DDA0C14E84D4}.Release|Any CPU.ActiveCfg = Release|Any CPU
		{6CEF70FD-500E-40D2-9166-DDA0C14E84D4}.Release|Any CPU.Build.0 = Release|Any CPU
		{8DAEC741-7971-4015-BAB6-3DB2F6103E33}.Debug|Any CPU.ActiveCfg = Debug|Any CPU
		{8DAEC741-7971-4015-BAB6-3DB2F6103E33}.Debug|Any CPU.Build.0 = Debug|Any CPU
		{8DAEC741-7971-4015-BAB6-3DB2F6103E33}.Release|Any CPU.ActiveCfg = Release|Any CPU
		{8DAEC741-7971-4015-BAB6-3DB2F6103E33}.Release|Any CPU.Build.0 = Release|Any CPU
		{6D125EA8-7CF0-4E3B-B795-FAC9AAC5B74F}.Debug|Any CPU.ActiveCfg = Debug|Any CPU
		{6D125EA8-7CF0-4E3B-B795-FAC9AAC5B74F}.Debug|Any CPU.Build.0 = Debug|Any CPU
		{6D125EA8-7CF0-4E3B-B795-FAC9AAC5B74F}.Release|Any CPU.ActiveCfg = Release|Any CPU
		{6D125EA8-7CF0-4E3B-B795-FAC9AAC5B74F}.Release|Any CPU.Build.0 = Release|Any CPU
		{5216523D-F2E6-4F60-916E-B7331D78C8AA}.Debug|Any CPU.ActiveCfg = Debug|Any CPU
		{5216523D-F2E6-4F60-916E-B7331D78C8AA}.Debug|Any CPU.Build.0 = Debug|Any CPU
		{5216523D-F2E6-4F60-916E-B7331D78C8AA}.Release|Any CPU.ActiveCfg = Release|Any CPU
		{5216523D-F2E6-4F60-916E-B7331D78C8AA}.Release|Any CPU.Build.0 = Release|Any CPU
		{144A1CFE-610F-4D9C-9368-2C1CE09DF1DE}.Debug|Any CPU.ActiveCfg = Debug|Any CPU
		{144A1CFE-610F-4D9C-9368-2C1CE09DF1DE}.Debug|Any CPU.Build.0 = Debug|Any CPU
		{144A1CFE-610F-4D9C-9368-2C1CE09DF1DE}.Release|Any CPU.ActiveCfg = Release|Any CPU
		{144A1CFE-610F-4D9C-9368-2C1CE09DF1DE}.Release|Any CPU.Build.0 = Release|Any CPU
		{358CA974-1439-4D58-A63F-07FAF2764E53}.Debug|Any CPU.ActiveCfg = Debug|Any CPU
		{358CA974-1439-4D58-A63F-07FAF2764E53}.Debug|Any CPU.Build.0 = Debug|Any CPU
		{358CA974-1439-4D58-A63F-07FAF2764E53}.Release|Any CPU.ActiveCfg = Release|Any CPU
		{358CA974-1439-4D58-A63F-07FAF2764E53}.Release|Any CPU.Build.0 = Release|Any CPU
		{5E28E9B2-EEFE-4F6B-B8FB-356E8E4315D5}.Debug|Any CPU.ActiveCfg = Debug|Any CPU
		{5E28E9B2-EEFE-4F6B-B8FB-356E8E4315D5}.Debug|Any CPU.Build.0 = Debug|Any CPU
		{5E28E9B2-EEFE-4F6B-B8FB-356E8E4315D5}.Release|Any CPU.ActiveCfg = Release|Any CPU
		{5E28E9B2-EEFE-4F6B-B8FB-356E8E4315D5}.Release|Any CPU.Build.0 = Release|Any CPU
		{8923BFAA-A806-4702-9B75-99C757EAA3D0}.Debug|Any CPU.ActiveCfg = Debug|Any CPU
		{8923BFAA-A806-4702-9B75-99C757EAA3D0}.Debug|Any CPU.Build.0 = Debug|Any CPU
		{8923BFAA-A806-4702-9B75-99C757EAA3D0}.Release|Any CPU.ActiveCfg = Release|Any CPU
		{8923BFAA-A806-4702-9B75-99C757EAA3D0}.Release|Any CPU.Build.0 = Release|Any CPU
		{65B73681-0BDA-45E2-AB1A-9E61F2BAC7A7}.Debug|Any CPU.ActiveCfg = Debug|Any CPU
		{65B73681-0BDA-45E2-AB1A-9E61F2BAC7A7}.Debug|Any CPU.Build.0 = Debug|Any CPU
		{65B73681-0BDA-45E2-AB1A-9E61F2BAC7A7}.Release|Any CPU.ActiveCfg = Release|Any CPU
		{65B73681-0BDA-45E2-AB1A-9E61F2BAC7A7}.Release|Any CPU.Build.0 = Release|Any CPU
		{B5DE6A67-F8CE-4E32-AA81-194A844A4A4F}.Debug|Any CPU.ActiveCfg = Debug|Any CPU
		{B5DE6A67-F8CE-4E32-AA81-194A844A4A4F}.Debug|Any CPU.Build.0 = Debug|Any CPU
		{B5DE6A67-F8CE-4E32-AA81-194A844A4A4F}.Release|Any CPU.ActiveCfg = Release|Any CPU
		{B5DE6A67-F8CE-4E32-AA81-194A844A4A4F}.Release|Any CPU.Build.0 = Release|Any CPU
		{B2E4C8AF-47C3-4821-97C8-D4022E6322AB}.Debug|Any CPU.ActiveCfg = Debug|Any CPU
		{B2E4C8AF-47C3-4821-97C8-D4022E6322AB}.Debug|Any CPU.Build.0 = Debug|Any CPU
		{B2E4C8AF-47C3-4821-97C8-D4022E6322AB}.Release|Any CPU.ActiveCfg = Release|Any CPU
		{B2E4C8AF-47C3-4821-97C8-D4022E6322AB}.Release|Any CPU.Build.0 = Release|Any CPU
		{CF80820F-CD0F-4BEF-8674-BD64025BCA69}.Debug|Any CPU.ActiveCfg = Debug|Any CPU
		{CF80820F-CD0F-4BEF-8674-BD64025BCA69}.Debug|Any CPU.Build.0 = Debug|Any CPU
		{CF80820F-CD0F-4BEF-8674-BD64025BCA69}.Release|Any CPU.ActiveCfg = Release|Any CPU
		{CF80820F-CD0F-4BEF-8674-BD64025BCA69}.Release|Any CPU.Build.0 = Release|Any CPU
	EndGlobalSection
	GlobalSection(SolutionProperties) = preSolution
		HideSolutionNode = FALSE
	EndGlobalSection
	GlobalSection(NestedProjects) = preSolution
		{04011307-7352-4515-B8F0-84C1F6FAED62} = {D62AD955-D10C-476A-9464-24EC096404A0}
		{86B32CD5-02EC-4A8E-AAF5-FB870B88C1E8} = {D62AD955-D10C-476A-9464-24EC096404A0}
		{06C33678-472A-44F6-8617-77AEF4B5FD79} = {D62AD955-D10C-476A-9464-24EC096404A0}
		{428954F6-A5DB-4F76-9478-F7FA926B1DC3} = {D62AD955-D10C-476A-9464-24EC096404A0}
		{B6ED06D0-2A4C-4F31-81FC-D1DD151CFFC5} = {D62AD955-D10C-476A-9464-24EC096404A0}
		{7A1E5F14-ED60-45E6-819C-83C9D3470349} = {04011307-7352-4515-B8F0-84C1F6FAED62}
		{E47785B3-FA10-48B8-925C-619FFBCC4291} = {04011307-7352-4515-B8F0-84C1F6FAED62}
		{8E46249C-7BD0-4BB3-BEC8-41B4A8EE1B2C} = {04011307-7352-4515-B8F0-84C1F6FAED62}
		{6CB226AB-D010-4862-A34B-83D87BD1490A} = {86B32CD5-02EC-4A8E-AAF5-FB870B88C1E8}
		{205FD390-9933-498D-9EA3-F3573586D79D} = {428954F6-A5DB-4F76-9478-F7FA926B1DC3}
		{14B7EBF2-A77C-4134-BF67-B6EB886500FA} = {428954F6-A5DB-4F76-9478-F7FA926B1DC3}
		{E87B541A-3936-4D30-9E36-9DE7D220039D} = {06C33678-472A-44F6-8617-77AEF4B5FD79}
		{AD4575A6-0371-42E9-99D5-A9B57A8E3DE8} = {B6ED06D0-2A4C-4F31-81FC-D1DD151CFFC5}
		{35C80761-166F-440B-812E-60F1D42130D2} = {B6ED06D0-2A4C-4F31-81FC-D1DD151CFFC5}
		{BD8D244D-3B0E-43BA-B3ED-47AB9F5CB191} = {D62AD955-D10C-476A-9464-24EC096404A0}
		{6CEF70FD-500E-40D2-9166-DDA0C14E84D4} = {BD8D244D-3B0E-43BA-B3ED-47AB9F5CB191}
		{8DAEC741-7971-4015-BAB6-3DB2F6103E33} = {BD8D244D-3B0E-43BA-B3ED-47AB9F5CB191}
		{6D125EA8-7CF0-4E3B-B795-FAC9AAC5B74F} = {4A0352C0-1694-49E4-B761-58F8ECCD8E1A}
		{5216523D-F2E6-4F60-916E-B7331D78C8AA} = {4A0352C0-1694-49E4-B761-58F8ECCD8E1A}
		{144A1CFE-610F-4D9C-9368-2C1CE09DF1DE} = {D3B03968-E3CC-418C-8170-65DF71C56FB4}
		{358CA974-1439-4D58-A63F-07FAF2764E53} = {D3B03968-E3CC-418C-8170-65DF71C56FB4}
		{5E28E9B2-EEFE-4F6B-B8FB-356E8E4315D5} = {D3B03968-E3CC-418C-8170-65DF71C56FB4}
		{8923BFAA-A806-4702-9B75-99C757EAA3D0} = {D3B03968-E3CC-418C-8170-65DF71C56FB4}
		{65B73681-0BDA-45E2-AB1A-9E61F2BAC7A7} = {D3B03968-E3CC-418C-8170-65DF71C56FB4}
		{B5DE6A67-F8CE-4E32-AA81-194A844A4A4F} = {D3B03968-E3CC-418C-8170-65DF71C56FB4}
		{B2E4C8AF-47C3-4821-97C8-D4022E6322AB} = {D3B03968-E3CC-418C-8170-65DF71C56FB4}
		{43F90BAF-6F36-470B-8B6D-257AF44CF360} = {D62AD955-D10C-476A-9464-24EC096404A0}
		{CF80820F-CD0F-4BEF-8674-BD64025BCA69} = {43F90BAF-6F36-470B-8B6D-257AF44CF360}
	EndGlobalSection
	GlobalSection(ExtensibilityGlobals) = postSolution
		SolutionGuid = {0C01A420-85CA-47EC-871B-C30214F79175}
	EndGlobalSection
EndGlobal
